
Microsoft Visual Studio Solution File, Format Version 12.00
# Visual Studio Version 17
VisualStudioVersion = 17.0.32014.148
MinimumVisualStudioVersion = 10.0.40219.1
Project("{FAE04EC0-301F-11D3-BF4B-00C04F79EFBC}") = "CaritaPaintTT2", "CaritaPaintTT2\CaritaPaintTT2.csproj", "{3686C163-C6F1-4467-9D85-A2E95771AC99}"
EndProject
Global
	GlobalSection(SolutionConfigurationPlatforms) = preSolution
		Debug|Any CPU = Debug|Any CPU
		Release|Any CPU = Release|Any CPU
	EndGlobalSection
	GlobalSection(ProjectConfigurationPlatforms) = postSolution
		{3686C163-C6F1-4467-9D85-A2E95771AC99}.Debug|Any CPU.ActiveCfg = Debug|Any CPU
		{3686C163-C6F1-4467-9D85-A2E95771AC99}.Debug|Any CPU.Build.0 = Debug|Any CPU
		{3686C163-C6F1-4467-9D85-A2E95771AC99}.Release|Any CPU.ActiveCfg = Release|Any CPU
		{3686C163-C6F1-4467-9D85-A2E95771AC99}.Release|Any CPU.Build.0 = Release|Any CPU
	EndGlobalSection
	GlobalSection(SolutionProperties) = preSolution
		HideSolutionNode = FALSE
	EndGlobalSection
	GlobalSection(ExtensibilityGlobals) = postSolution
		SolutionGuid = {0A4FBF5B-A76B-44F5-8C05-554FE46A70D8}
	EndGlobalSection
EndGlobal
